# THIS IS AN AUTOGENERATED FILE. DO NOT EDIT THIS FILE DIRECTLY.
# yarn lockfile v1


es6@^0.0.7:
  version "0.0.7"
  resolved "https://registry.yarnpkg.com/es6/-/es6-0.0.7.tgz#3b2851afeea60db16cf569d56066daa0f3974676"
  integrity sha512-B/IoUXCxacDpNLSjEpXg4TsYURqZRVCTPeq/aFmN9/r/tW/0A9CI9E9NRSV/eWXCf6oCzvqFk9btmaL38TfwxQ==

nodejs@^0.0.0:
  version "0.0.0"
  resolved "https://registry.yarnpkg.com/nodejs/-/nodejs-0.0.0.tgz#4722fa2e18ac4eb73a42ae16d01e3584a12b7531"
  integrity sha512-1V+0HwaB/dhxzidEFc4uJ3k52gLI4B6YBZgJIofjwYCSAkD6CI0me6TDBT2QM2nbGWNxCHcq9/wVynzQYZOhUg==
